A2001 unable to resolve symbol
A2002 recur outside tail position
A2003 recur argument count mismatch
A2004 wrong number of forms in special form
A2005 def name is not a symbol
A2006 malformed binding vector
A2007 invalid binding form
A2008 conflicting fn overloads
G5000 uncategorized compiler error
G5001 value is not a number
G5002 value is not a function
G5003 value is not seqable
G5004 index out of bounds
G5005 value is not a collection
G5006 divide by zero
G5007 no value supplied for key
R1001 unterminated form
R1002 unmatched delimiter
R1003 map literal with odd number of forms
R1004 duplicate key in map or set literal
R1005 invalid token
R1006 invalid number literal
R1007 invalid escape sequence in string
R1008 invalid character literal
R1009 invalid metadata
