A2001 unable to resolve symbol
A2002 recur outside tail position
A2003 recur argument count mismatch
A2004 wrong number of forms in special form
A2005 def name is not a symbol
A2006 malformed binding vector
A2007 invalid binding form
A2008 conflicting fn overloads
A2009 no such namespace
G5000 uncategorized compiler error
G5001 value is not a number
G5002 value is not a function
G5003 value is not seqable
G5004 index out of bounds
G5005 value is not a collection
G5006 divide by zero
G5007 no value supplied for key
G5008 sql params passed as a collection
G5009 collection value in a row map
G5010 maven coordinate not found
G5011 unsupported Maven POM feature
G5012 maven artifact checksum mismatch
G5013 maven version conflict
G5014 offline: maven coordinate unavailable
G5015 conflicting dependency coordinates
G5016 replacement fn did not return a string
G5017 options argument is not a map
G5018 unsupported dependency version syntax
G5019 maven dependency source file cannot be read
G5020 maven dependency namespace failed to compile on cljgo
G5021 frozen build: build.lock.edn does not match build.cljgo
G5022 unsupported or unmatched java.time date pattern
I4001 Java class used as a namespace
I4002 namespace requires Java interop and cannot load on cljgo
R1001 unterminated form
R1002 unmatched delimiter
R1003 map literal with odd number of forms
R1004 duplicate key in map or set literal
R1005 invalid token
R1006 invalid number literal
R1007 invalid escape sequence in string
R1008 invalid character literal
R1009 invalid metadata
R1010 reader conditional splicing at top level
R1011 conditional read not allowed
R1012 reader conditional supplies no branch for this platform
